// !$*UTF8*$!
{
	archiveVersion = 1;
	classes = {
	};
	objectVersion = 46;
	objects = {

/* Begin PBXBuildFile section */
		18EA040787D64055B029C6BF /* libPods.a in Frameworks */ = {isa = PBXBuildFile; fileRef = D89E20EF2B6A442D8F57D3EE /* libPods.a */; };
		E10D03EB168247F000F047D5 /* TumblrPostsCollectionViewController.m in Sources */ = {isa = PBXBuildFile; fileRef = E10D03EA168247F000F047D5 /* TumblrPostsCollectionViewController.m */; };
		E10D03F1168252A600F047D5 /* SSManagedCollectionViewController.m in Sources */ = {isa = PBXBuildFile; fileRef = E10D03F0168252A600F047D5 /* SSManagedCollectionViewController.m */; };
		E10D03F41682550800F047D5 /* TumblrPostCollectionViewCell.m in Sources */ = {isa = PBXBuildFile; fileRef = E10D03F31682550800F047D5 /* TumblrPostCollectionViewCell.m */; };
		E10D03F71682578000F047D5 /* TumblrTextPostCollectionViewCell.m in Sources */ = {isa = PBXBuildFile; fileRef = E10D03F61682578000F047D5 /* TumblrTextPostCollectionViewCell.m */; };
		E10D03FA168262AC00F047D5 /* TumblrCreatePostViewController.m in Sources */ = {isa = PBXBuildFile; fileRef = E10D03F9168262AC00F047D5 /* TumblrCreatePostViewController.m */; };
		E10D04001682663100F047D5 /* TumblrCreateTextPostViewController.m in Sources */ = {isa = PBXBuildFile; fileRef = E10D03FF1682663100F047D5 /* TumblrCreateTextPostViewController.m */; };
		E10F330216810B7B00631564 /* TKPost.m in Sources */ = {isa = PBXBuildFile; fileRef = E10F330116810B7B00631564 /* TKPost.m */; };
		E129ED5816850ACB0075CDB7 /* TumblrPhotoPostCollectionViewCell.m in Sources */ = {isa = PBXBuildFile; fileRef = E129ED5716850ACB0075CDB7 /* TumblrPhotoPostCollectionViewCell.m */; };
		E16E32F51685F13300E3E06C /* TumblrPhotoSetPostCollectionViewCell.m in Sources */ = {isa = PBXBuildFile; fileRef = E16E32F41685F13300E3E06C /* TumblrPhotoSetPostCollectionViewCell.m */; };
		E175171616ADEA5D0068E207 /* MobileCoreServices.framework in Frameworks */ = {isa = PBXBuildFile; fileRef = E175171516ADEA5D0068E207 /* MobileCoreServices.framework */; };
		E176B6EC168128E6009D13F7 /* SSManagedTableViewController.m in Sources */ = {isa = PBXBuildFile; fileRef = E176B6E9168128E6009D13F7 /* SSManagedTableViewController.m */; };
		E176B6ED168128E6009D13F7 /* SSManagedViewController.m in Sources */ = {isa = PBXBuildFile; fileRef = E176B6EB168128E6009D13F7 /* SSManagedViewController.m */; };
		E176B6F416813A4F009D13F7 /* TumblrDashboardViewController.m in Sources */ = {isa = PBXBuildFile; fileRef = E176B6F316813A4F009D13F7 /* TumblrDashboardViewController.m */; };
		E18391631680DADF00C9BE37 /* TumblrBlogViewController.m in Sources */ = {isa = PBXBuildFile; fileRef = E18391621680DADF00C9BE37 /* TumblrBlogViewController.m */; };
		E193F1A016823A1500A9D5A8 /* TKChat.m in Sources */ = {isa = PBXBuildFile; fileRef = E193F19F16823A1500A9D5A8 /* TKChat.m */; };
		E193F1A316823A2400A9D5A8 /* TKPhoto.m in Sources */ = {isa = PBXBuildFile; fileRef = E193F1A216823A2400A9D5A8 /* TKPhoto.m */; };
		E193F1AA16823A3C00A9D5A8 /* TKPhotoSet.m in Sources */ = {isa = PBXBuildFile; fileRef = E193F1A916823A3C00A9D5A8 /* TKPhotoSet.m */; };
		E19D5DB1167FB95A00F5C73A /* GTMOAuthAuthentication.m in Sources */ = {isa = PBXBuildFile; fileRef = E19D5DAE167FB95A00F5C73A /* GTMOAuthAuthentication.m */; settings = {COMPILER_FLAGS = "-fno-objc-arc"; }; };
		E19D5DB2167FB95A00F5C73A /* GTMOAuthSignIn.m in Sources */ = {isa = PBXBuildFile; fileRef = E19D5DB0167FB95A00F5C73A /* GTMOAuthSignIn.m */; settings = {COMPILER_FLAGS = "-fno-objc-arc"; }; };
		E19D5DB6167FB96100F5C73A /* GTMOAuthViewControllerTouch.m in Sources */ = {isa = PBXBuildFile; fileRef = E19D5DB4167FB96100F5C73A /* GTMOAuthViewControllerTouch.m */; settings = {COMPILER_FLAGS = "-fno-objc-arc"; }; };
		E19D5DB7167FB96100F5C73A /* GTMOAuthViewTouch.xib in Resources */ = {isa = PBXBuildFile; fileRef = E19D5DB5167FB96100F5C73A /* GTMOAuthViewTouch.xib */; };
		E19D5DBA167FB97100F5C73A /* GTMHTTPFetcher.m in Sources */ = {isa = PBXBuildFile; fileRef = E19D5DB9167FB97100F5C73A /* GTMHTTPFetcher.m */; settings = {COMPILER_FLAGS = "-fno-objc-arc"; }; };
		E1A0B486167E75FC00E02ABB /* UIKit.framework in Frameworks */ = {isa = PBXBuildFile; fileRef = E1A0B485167E75FC00E02ABB /* UIKit.framework */; };
		E1A0B488167E75FC00E02ABB /* Foundation.framework in Frameworks */ = {isa = PBXBuildFile; fileRef = E1A0B487167E75FC00E02ABB /* Foundation.framework */; };
		E1A0B48A167E75FC00E02ABB /* CoreGraphics.framework in Frameworks */ = {isa = PBXBuildFile; fileRef = E1A0B489167E75FC00E02ABB /* CoreGraphics.framework */; };
		E1A0B48C167E75FC00E02ABB /* CoreData.framework in Frameworks */ = {isa = PBXBuildFile; fileRef = E1A0B48B167E75FC00E02ABB /* CoreData.framework */; };
		E1A0B492167E75FC00E02ABB /* InfoPlist.strings in Resources */ = {isa = PBXBuildFile; fileRef = E1A0B490167E75FC00E02ABB /* InfoPlist.strings */; };
		E1A0B494167E75FC00E02ABB /* main.m in Sources */ = {isa = PBXBuildFile; fileRef = E1A0B493167E75FC00E02ABB /* main.m */; };
		E1A0B498167E75FC00E02ABB /* AppDelegate.m in Sources */ = {isa = PBXBuildFile; fileRef = E1A0B497167E75FC00E02ABB /* AppDelegate.m */; };
		E1A0B49A167E75FC00E02ABB /* Default.png in Resources */ = {isa = PBXBuildFile; fileRef = E1A0B499167E75FC00E02ABB /* Default.png */; };
		E1A0B49C167E75FC00E02ABB /* Default@2x.png in Resources */ = {isa = PBXBuildFile; fileRef = E1A0B49B167E75FC00E02ABB /* Default@2x.png */; };
		E1A0B49E167E75FC00E02ABB /* Default-568h@2x.png in Resources */ = {isa = PBXBuildFile; fileRef = E1A0B49D167E75FC00E02ABB /* Default-568h@2x.png */; };
		E1A0B4B2167E775600E02ABB /* TKHTTPClient.m in Sources */ = {isa = PBXBuildFile; fileRef = E1A0B4B1167E775600E02ABB /* TKHTTPClient.m */; };
		E1A0B4C2167E7A0700E02ABB /* SystemConfiguration.framework in Frameworks */ = {isa = PBXBuildFile; fileRef = E1A0B4C1167E7A0700E02ABB /* SystemConfiguration.framework */; };
		E1B7D923169E15BC0018D2B4 /* OLImageView+Tumblr.m in Sources */ = {isa = PBXBuildFile; fileRef = E1B7D922169E15BC0018D2B4 /* OLImageView+Tumblr.m */; };
		E1D811F0167FD7DA005EE8C9 /* TumblrKit.xcdatamodeld in Sources */ = {isa = PBXBuildFile; fileRef = E1D811E1167FD49F005EE8C9 /* TumblrKit.xcdatamodeld */; };
		E1D811F1167FD7DE005EE8C9 /* TKUser.m in Sources */ = {isa = PBXBuildFile; fileRef = E1D811E6167FD560005EE8C9 /* TKUser.m */; };
		E1D811F2167FD7E3005EE8C9 /* SSManagedObject.m in Sources */ = {isa = PBXBuildFile; fileRef = E1D811EE167FD5C7005EE8C9 /* SSManagedObject.m */; };
		E1D811F4167FD7F2005EE8C9 /* NSManagedObjectContext+SSDataKitAdditions.m in Sources */ = {isa = PBXBuildFile; fileRef = E1D811EA167FD5B5005EE8C9 /* NSManagedObjectContext+SSDataKitAdditions.m */; };
		E1D811F7167FD843005EE8C9 /* SSRemoteManagedObject.m in Sources */ = {isa = PBXBuildFile; fileRef = E1D811F6167FD843005EE8C9 /* SSRemoteManagedObject.m */; };
		E1D81202167FE836005EE8C9 /* NSDictionary+TumblrKit.m in Sources */ = {isa = PBXBuildFile; fileRef = E1D81201167FE836005EE8C9 /* NSDictionary+TumblrKit.m */; };
		E1D81206167FECAE005EE8C9 /* TKBlog.m in Sources */ = {isa = PBXBuildFile; fileRef = E1D81205167FECAE005EE8C9 /* TKBlog.m */; };
		E1E387CD1681209D00019AD1 /* NSNumber+TumblrKit.m in Sources */ = {isa = PBXBuildFile; fileRef = E1E387CC1681209D00019AD1 /* NSNumber+TumblrKit.m */; };
		E1E459ED169EF05800A50D57 /* TumblrQuotePostCollectionViewCell.m in Sources */ = {isa = PBXBuildFile; fileRef = E1E459EC169EF05800A50D57 /* TumblrQuotePostCollectionViewCell.m */; };
		E1E459F1169EFE1F00A50D57 /* TumblrVideoPostCollectionViewCell.m in Sources */ = {isa = PBXBuildFile; fileRef = E1E459F0169EFE1F00A50D57 /* TumblrVideoPostCollectionViewCell.m */; };
		E1EAE7061680D05A003B1F0B /* TumblrTableViewController.m in Sources */ = {isa = PBXBuildFile; fileRef = E1EAE7051680D05A003B1F0B /* TumblrTableViewController.m */; };
		E1F42C7F16867D6F00FB4D95 /* TKPhotoSize.m in Sources */ = {isa = PBXBuildFile; fileRef = E1F42C7E16867D6F00FB4D95 /* TKPhotoSize.m */; };
		E1F8280A16826D8A00CAC642 /* TumblrTextField.m in Sources */ = {isa = PBXBuildFile; fileRef = E1F8280916826D8A00CAC642 /* TumblrTextField.m */; };
		E1F8280F1682701D00CAC642 /* TumblrBlogsTableViewController.m in Sources */ = {isa = PBXBuildFile; fileRef = E1F8280E1682701D00CAC642 /* TumblrBlogsTableViewController.m */; };
		E1F8281316827B7200CAC642 /* TumblrCreateChatPostViewController.m in Sources */ = {isa = PBXBuildFile; fileRef = E1F8281216827B7100CAC642 /* TumblrCreateChatPostViewController.m */; };
		E1F8281616827E3900CAC642 /* TumblrLikesViewController.m in Sources */ = {isa = PBXBuildFile; fileRef = E1F8281516827E3900CAC642 /* TumblrLikesViewController.m */; };
/* End PBXBuildFile section */

/* Begin PBXFileReference section */
		BBFC71CFFC05400AAF4C1889 /* Pods.xcconfig */ = {isa = PBXFileReference; includeInIndex = 1; lastKnownFileType = text.xcconfig; name = Pods.xcconfig; path = Pods/Pods.xcconfig; sourceTree = SOURCE_ROOT; };
		D89E20EF2B6A442D8F57D3EE /* libPods.a */ = {isa = PBXFileReference; explicitFileType = archive.ar; includeInIndex = 0; path = libPods.a; sourceTree = BUILT_PRODUCTS_DIR; };
		E10D03E9168247F000F047D5 /* TumblrPostsCollectionViewController.h */ = {isa = PBXFileReference; fileEncoding = 4; lastKnownFileType = sourcecode.c.h; path = TumblrPostsCollectionViewController.h; sourceTree = "<group>"; };
		E10D03EA168247F000F047D5 /* TumblrPostsCollectionViewController.m */ = {isa = PBXFileReference; fileEncoding = 4; lastKnownFileType = sourcecode.c.objc; path = TumblrPostsCollectionViewController.m; sourceTree = "<group>"; };
		E10D03EF168252A600F047D5 /* SSManagedCollectionViewController.h */ = {isa = PBXFileReference; fileEncoding = 4; lastKnownFileType = sourcecode.c.h; name = SSManagedCollectionViewController.h; path = Vendor/SSDataKit/SSManagedCollectionViewController.h; sourceTree = SOURCE_ROOT; };
		E10D03F0168252A600F047D5 /* SSManagedCollectionViewController.m */ = {isa = PBXFileReference; fileEncoding = 4; lastKnownFileType = sourcecode.c.objc; name = SSManagedCollectionViewController.m; path = Vendor/SSDataKit/SSManagedCollectionViewController.m; sourceTree = SOURCE_ROOT; };
		E10D03F21682550800F047D5 /* TumblrPostCollectionViewCell.h */ = {isa = PBXFileReference; fileEncoding = 4; lastKnownFileType = sourcecode.c.h; path = TumblrPostCollectionViewCell.h; sourceTree = "<group>"; };
		E10D03F31682550800F047D5 /* TumblrPostCollectionViewCell.m */ = {isa = PBXFileReference; fileEncoding = 4; lastKnownFileType = sourcecode.c.objc; path = TumblrPostCollectionViewCell.m; sourceTree = "<group>"; };
		E10D03F51682578000F047D5 /* TumblrTextPostCollectionViewCell.h */ = {isa = PBXFileReference; fileEncoding = 4; lastKnownFileType = sourcecode.c.h; path = TumblrTextPostCollectionViewCell.h; sourceTree = "<group>"; };
		E10D03F61682578000F047D5 /* TumblrTextPostCollectionViewCell.m */ = {isa = PBXFileReference; fileEncoding = 4; lastKnownFileType = sourcecode.c.objc; path = TumblrTextPostCollectionViewCell.m; sourceTree = "<group>"; };
		E10D03F8168262AC00F047D5 /* TumblrCreatePostViewController.h */ = {isa = PBXFileReference; fileEncoding = 4; lastKnownFileType = sourcecode.c.h; path = TumblrCreatePostViewController.h; sourceTree = "<group>"; };
		E10D03F9168262AC00F047D5 /* TumblrCreatePostViewController.m */ = {isa = PBXFileReference; fileEncoding = 4; lastKnownFileType = sourcecode.c.objc; path = TumblrCreatePostViewController.m; sourceTree = "<group>"; };
		E10D03FE1682663100F047D5 /* TumblrCreateTextPostViewController.h */ = {isa = PBXFileReference; fileEncoding = 4; lastKnownFileType = sourcecode.c.h; path = TumblrCreateTextPostViewController.h; sourceTree = "<group>"; };
		E10D03FF1682663100F047D5 /* TumblrCreateTextPostViewController.m */ = {isa = PBXFileReference; fileEncoding = 4; lastKnownFileType = sourcecode.c.objc; path = TumblrCreateTextPostViewController.m; sourceTree = "<group>"; };
		E10F330016810B7B00631564 /* TKPost.h */ = {isa = PBXFileReference; fileEncoding = 4; lastKnownFileType = sourcecode.c.h; path = TKPost.h; sourceTree = "<group>"; };
		E10F330116810B7B00631564 /* TKPost.m */ = {isa = PBXFileReference; fileEncoding = 4; lastKnownFileType = sourcecode.c.objc; path = TKPost.m; sourceTree = "<group>"; };
		E129ED5616850ACB0075CDB7 /* TumblrPhotoPostCollectionViewCell.h */ = {isa = PBXFileReference; fileEncoding = 4; lastKnownFileType = sourcecode.c.h; path = TumblrPhotoPostCollectionViewCell.h; sourceTree = "<group>"; };
		E129ED5716850ACB0075CDB7 /* TumblrPhotoPostCollectionViewCell.m */ = {isa = PBXFileReference; fileEncoding = 4; lastKnownFileType = sourcecode.c.objc; path = TumblrPhotoPostCollectionViewCell.m; sourceTree = "<group>"; };
		E16E32F31685F13300E3E06C /* TumblrPhotoSetPostCollectionViewCell.h */ = {isa = PBXFileReference; fileEncoding = 4; lastKnownFileType = sourcecode.c.h; name = TumblrPhotoSetPostCollectionViewCell.h; path = ../../../Documents/TumblrPhotoSetPostCollectionViewCell.h; sourceTree = "<group>"; };
		E16E32F41685F13300E3E06C /* TumblrPhotoSetPostCollectionViewCell.m */ = {isa = PBXFileReference; fileEncoding = 4; lastKnownFileType = sourcecode.c.objc; name = TumblrPhotoSetPostCollectionViewCell.m; path = ../../../Documents/TumblrPhotoSetPostCollectionViewCell.m; sourceTree = "<group>"; };
		E175171516ADEA5D0068E207 /* MobileCoreServices.framework */ = {isa = PBXFileReference; lastKnownFileType = wrapper.framework; name = MobileCoreServices.framework; path = System/Library/Frameworks/MobileCoreServices.framework; sourceTree = SDKROOT; };
		E176B6E8168128E6009D13F7 /* SSManagedTableViewController.h */ = {isa = PBXFileReference; fileEncoding = 4; lastKnownFileType = sourcecode.c.h; name = SSManagedTableViewController.h; path = Vendor/SSDataKit/SSManagedTableViewController.h; sourceTree = SOURCE_ROOT; };
		E176B6E9168128E6009D13F7 /* SSManagedTableViewController.m */ = {isa = PBXFileReference; fileEncoding = 4; lastKnownFileType = sourcecode.c.objc; name = SSManagedTableViewController.m; path = Vendor/SSDataKit/SSManagedTableViewController.m; sourceTree = SOURCE_ROOT; };
		E176B6EA168128E6009D13F7 /* SSManagedViewController.h */ = {isa = PBXFileReference; fileEncoding = 4; lastKnownFileType = sourcecode.c.h; name = SSManagedViewController.h; path = Vendor/SSDataKit/SSManagedViewController.h; sourceTree = SOURCE_ROOT; };
		E176B6EB168128E6009D13F7 /* SSManagedViewController.m */ = {isa = PBXFileReference; fileEncoding = 4; lastKnownFileType = sourcecode.c.objc; name = SSManagedViewController.m; path = Vendor/SSDataKit/SSManagedViewController.m; sourceTree = SOURCE_ROOT; };
		E176B6F216813A4E009D13F7 /* TumblrDashboardViewController.h */ = {isa = PBXFileReference; fileEncoding = 4; lastKnownFileType = sourcecode.c.h; path = TumblrDashboardViewController.h; sourceTree = "<group>"; };
		E176B6F316813A4F009D13F7 /* TumblrDashboardViewController.m */ = {isa = PBXFileReference; fileEncoding = 4; lastKnownFileType = sourcecode.c.objc; path = TumblrDashboardViewController.m; sourceTree = "<group>"; };
		E18391611680DADF00C9BE37 /* TumblrBlogViewController.h */ = {isa = PBXFileReference; fileEncoding = 4; lastKnownFileType = sourcecode.c.h; path = TumblrBlogViewController.h; sourceTree = "<group>"; };
		E18391621680DADF00C9BE37 /* TumblrBlogViewController.m */ = {isa = PBXFileReference; fileEncoding = 4; lastKnownFileType = sourcecode.c.objc; path = TumblrBlogViewController.m; sourceTree = "<group>"; };
		E193F19E16823A1500A9D5A8 /* TKChat.h */ = {isa = PBXFileReference; fileEncoding = 4; lastKnownFileType = sourcecode.c.h; path = TKChat.h; sourceTree = "<group>"; };
		E193F19F16823A1500A9D5A8 /* TKChat.m */ = {isa = PBXFileReference; fileEncoding = 4; lastKnownFileType = sourcecode.c.objc; path = TKChat.m; sourceTree = "<group>"; };
		E193F1A116823A2400A9D5A8 /* TKPhoto.h */ = {isa = PBXFileReference; fileEncoding = 4; lastKnownFileType = sourcecode.c.h; path = TKPhoto.h; sourceTree = "<group>"; };
		E193F1A216823A2400A9D5A8 /* TKPhoto.m */ = {isa = PBXFileReference; fileEncoding = 4; lastKnownFileType = sourcecode.c.objc; path = TKPhoto.m; sourceTree = "<group>"; };
		E193F1A816823A3C00A9D5A8 /* TKPhotoSet.h */ = {isa = PBXFileReference; fileEncoding = 4; lastKnownFileType = sourcecode.c.h; path = TKPhotoSet.h; sourceTree = "<group>"; };
		E193F1A916823A3C00A9D5A8 /* TKPhotoSet.m */ = {isa = PBXFileReference; fileEncoding = 4; lastKnownFileType = sourcecode.c.objc; path = TKPhotoSet.m; sourceTree = "<group>"; };
		E19D5DAD167FB95A00F5C73A /* GTMOAuthAuthentication.h */ = {isa = PBXFileReference; fileEncoding = 4; lastKnownFileType = sourcecode.c.h; name = GTMOAuthAuthentication.h; path = "Vendor/gtm-oauth/Source/GTMOAuthAuthentication.h"; sourceTree = SOURCE_ROOT; };
		E19D5DAE167FB95A00F5C73A /* GTMOAuthAuthentication.m */ = {isa = PBXFileReference; fileEncoding = 4; lastKnownFileType = sourcecode.c.objc; name = GTMOAuthAuthentication.m; path = "Vendor/gtm-oauth/Source/GTMOAuthAuthentication.m"; sourceTree = SOURCE_ROOT; };
		E19D5DAF167FB95A00F5C73A /* GTMOAuthSignIn.h */ = {isa = PBXFileReference; fileEncoding = 4; lastKnownFileType = sourcecode.c.h; name = GTMOAuthSignIn.h; path = "Vendor/gtm-oauth/Source/GTMOAuthSignIn.h"; sourceTree = SOURCE_ROOT; };
		E19D5DB0167FB95A00F5C73A /* GTMOAuthSignIn.m */ = {isa = PBXFileReference; fileEncoding = 4; lastKnownFileType = sourcecode.c.objc; name = GTMOAuthSignIn.m; path = "Vendor/gtm-oauth/Source/GTMOAuthSignIn.m"; sourceTree = SOURCE_ROOT; };
		E19D5DB3167FB96100F5C73A /* GTMOAuthViewControllerTouch.h */ = {isa = PBXFileReference; fileEncoding = 4; lastKnownFileType = sourcecode.c.h; name = GTMOAuthViewControllerTouch.h; path = "Vendor/gtm-oauth/Source/Touch/GTMOAuthViewControllerTouch.h"; sourceTree = SOURCE_ROOT; };
		E19D5DB4167FB96100F5C73A /* GTMOAuthViewControllerTouch.m */ = {isa = PBXFileReference; fileEncoding = 4; lastKnownFileType = sourcecode.c.objc; name = GTMOAuthViewControllerTouch.m; path = "Vendor/gtm-oauth/Source/Touch/GTMOAuthViewControllerTouch.m"; sourceTree = SOURCE_ROOT; };
		E19D5DB5167FB96100F5C73A /* GTMOAuthViewTouch.xib */ = {isa = PBXFileReference; fileEncoding = 4; lastKnownFileType = file.xib; name = GTMOAuthViewTouch.xib; path = "Vendor/gtm-oauth/Source/Touch/GTMOAuthViewTouch.xib"; sourceTree = SOURCE_ROOT; };
		E19D5DB8167FB97100F5C73A /* GTMHTTPFetcher.h */ = {isa = PBXFileReference; fileEncoding = 4; lastKnownFileType = sourcecode.c.h; name = GTMHTTPFetcher.h; path = "Vendor/gtm-oauth/HTTPFetcher/GTMHTTPFetcher.h"; sourceTree = SOURCE_ROOT; };
		E19D5DB9167FB97100F5C73A /* GTMHTTPFetcher.m */ = {isa = PBXFileReference; fileEncoding = 4; lastKnownFileType = sourcecode.c.objc; name = GTMHTTPFetcher.m; path = "Vendor/gtm-oauth/HTTPFetcher/GTMHTTPFetcher.m"; sourceTree = SOURCE_ROOT; };
		E19D5DE7167FC53100F5C73A /* TumblrKit.h */ = {isa = PBXFileReference; fileEncoding = 4; lastKnownFileType = sourcecode.c.h; path = TumblrKit.h; sourceTree = "<group>"; };
		E1A0B481167E75FC00E02ABB /* Tumblr.app */ = {isa = PBXFileReference; explicitFileType = wrapper.application; includeInIndex = 0; path = Tumblr.app; sourceTree = BUILT_PRODUCTS_DIR; };
		E1A0B485167E75FC00E02ABB /* UIKit.framework */ = {isa = PBXFileReference; includeInIndex = 1; lastKnownFileType = wrapper.framework; name = UIKit.framework; path = System/Library/Frameworks/UIKit.framework; sourceTree = SDKROOT; };
		E1A0B487167E75FC00E02ABB /* Foundation.framework */ = {isa = PBXFileReference; includeInIndex = 1; lastKnownFileType = wrapper.framework; name = Foundation.framework; path = System/Library/Frameworks/Foundation.framework; sourceTree = SDKROOT; };
		E1A0B489167E75FC00E02ABB /* CoreGraphics.framework */ = {isa = PBXFileReference; includeInIndex = 1; lastKnownFileType = wrapper.framework; name = CoreGraphics.framework; path = System/Library/Frameworks/CoreGraphics.framework; sourceTree = SDKROOT; };
		E1A0B48B167E75FC00E02ABB /* CoreData.framework */ = {isa = PBXFileReference; includeInIndex = 1; lastKnownFileType = wrapper.framework; name = CoreData.framework; path = System/Library/Frameworks/CoreData.framework; sourceTree = SDKROOT; };
		E1A0B48F167E75FC00E02ABB /* Tumblr-Info.plist */ = {isa = PBXFileReference; lastKnownFileType = text.plist.xml; path = "Tumblr-Info.plist"; sourceTree = "<group>"; };
		E1A0B491167E75FC00E02ABB /* en */ = {isa = PBXFileReference; lastKnownFileType = text.plist.strings; name = en; path = en.lproj/InfoPlist.strings; sourceTree = "<group>"; };
		E1A0B493167E75FC00E02ABB /* main.m */ = {isa = PBXFileReference; lastKnownFileType = sourcecode.c.objc; path = main.m; sourceTree = "<group>"; };
		E1A0B495167E75FC00E02ABB /* Tumblr-Prefix.pch */ = {isa = PBXFileReference; lastKnownFileType = sourcecode.c.h; path = "Tumblr-Prefix.pch"; sourceTree = "<group>"; };
		E1A0B496167E75FC00E02ABB /* AppDelegate.h */ = {isa = PBXFileReference; lastKnownFileType = sourcecode.c.h; path = AppDelegate.h; sourceTree = "<group>"; };
		E1A0B497167E75FC00E02ABB /* AppDelegate.m */ = {isa = PBXFileReference; lastKnownFileType = sourcecode.c.objc; path = AppDelegate.m; sourceTree = "<group>"; };
		E1A0B499167E75FC00E02ABB /* Default.png */ = {isa = PBXFileReference; lastKnownFileType = image.png; path = Default.png; sourceTree = "<group>"; };
		E1A0B49B167E75FC00E02ABB /* Default@2x.png */ = {isa = PBXFileReference; lastKnownFileType = image.png; path = "Default@2x.png"; sourceTree = "<group>"; };
		E1A0B49D167E75FC00E02ABB /* Default-568h@2x.png */ = {isa = PBXFileReference; lastKnownFileType = image.png; path = "Default-568h@2x.png"; sourceTree = "<group>"; };
		E1A0B4B0167E775600E02ABB /* TKHTTPClient.h */ = {isa = PBXFileReference; fileEncoding = 4; lastKnownFileType = sourcecode.c.h; path = TKHTTPClient.h; sourceTree = "<group>"; };
		E1A0B4B1167E775600E02ABB /* TKHTTPClient.m */ = {isa = PBXFileReference; fileEncoding = 4; lastKnownFileType = sourcecode.c.objc; path = TKHTTPClient.m; sourceTree = "<group>"; };
		E1A0B4C1167E7A0700E02ABB /* SystemConfiguration.framework */ = {isa = PBXFileReference; lastKnownFileType = wrapper.framework; name = SystemConfiguration.framework; path = System/Library/Frameworks/SystemConfiguration.framework; sourceTree = SDKROOT; };
		E1B7D921169E15BC0018D2B4 /* OLImageView+Tumblr.h */ = {isa = PBXFileReference; fileEncoding = 4; lastKnownFileType = sourcecode.c.h; path = "OLImageView+Tumblr.h"; sourceTree = "<group>"; };
		E1B7D922169E15BC0018D2B4 /* OLImageView+Tumblr.m */ = {isa = PBXFileReference; fileEncoding = 4; lastKnownFileType = sourcecode.c.objc; path = "OLImageView+Tumblr.m"; sourceTree = "<group>"; };
		E1D811E2167FD49F005EE8C9 /* TumblrKit.xcdatamodel */ = {isa = PBXFileReference; lastKnownFileType = wrapper.xcdatamodel; path = TumblrKit.xcdatamodel; sourceTree = "<group>"; };
		E1D811E5167FD560005EE8C9 /* TKUser.h */ = {isa = PBXFileReference; fileEncoding = 4; lastKnownFileType = sourcecode.c.h; path = TKUser.h; sourceTree = "<group>"; };
		E1D811E6167FD560005EE8C9 /* TKUser.m */ = {isa = PBXFileReference; fileEncoding = 4; lastKnownFileType = sourcecode.c.objc; path = TKUser.m; sourceTree = "<group>"; };
		E1D811E9167FD5B5005EE8C9 /* NSManagedObjectContext+SSDataKitAdditions.h */ = {isa = PBXFileReference; fileEncoding = 4; lastKnownFileType = sourcecode.c.h; name = "NSManagedObjectContext+SSDataKitAdditions.h"; path = "Vendor/SSDataKit/NSManagedObjectContext+SSDataKitAdditions.h"; sourceTree = SOURCE_ROOT; };
		E1D811EA167FD5B5005EE8C9 /* NSManagedObjectContext+SSDataKitAdditions.m */ = {isa = PBXFileReference; fileEncoding = 4; lastKnownFileType = sourcecode.c.objc; name = "NSManagedObjectContext+SSDataKitAdditions.m"; path = "Vendor/SSDataKit/NSManagedObjectContext+SSDataKitAdditions.m"; sourceTree = SOURCE_ROOT; };
		E1D811EC167FD5C1005EE8C9 /* SSDataKit.h */ = {isa = PBXFileReference; fileEncoding = 4; lastKnownFileType = sourcecode.c.h; name = SSDataKit.h; path = Vendor/SSDataKit/SSDataKit.h; sourceTree = SOURCE_ROOT; };
		E1D811ED167FD5C7005EE8C9 /* SSManagedObject.h */ = {isa = PBXFileReference; fileEncoding = 4; lastKnownFileType = sourcecode.c.h; name = SSManagedObject.h; path = Vendor/SSDataKit/SSManagedObject.h; sourceTree = SOURCE_ROOT; };
		E1D811EE167FD5C7005EE8C9 /* SSManagedObject.m */ = {isa = PBXFileReference; fileEncoding = 4; lastKnownFileType = sourcecode.c.objc; name = SSManagedObject.m; path = Vendor/SSDataKit/SSManagedObject.m; sourceTree = SOURCE_ROOT; };
		E1D811F5167FD843005EE8C9 /* SSRemoteManagedObject.h */ = {isa = PBXFileReference; fileEncoding = 4; lastKnownFileType = sourcecode.c.h; name = SSRemoteManagedObject.h; path = Vendor/SSDataKit/SSRemoteManagedObject.h; sourceTree = SOURCE_ROOT; };
		E1D811F6167FD843005EE8C9 /* SSRemoteManagedObject.m */ = {isa = PBXFileReference; fileEncoding = 4; lastKnownFileType = sourcecode.c.objc; name = SSRemoteManagedObject.m; path = Vendor/SSDataKit/SSRemoteManagedObject.m; sourceTree = SOURCE_ROOT; };
		E1D81200167FE836005EE8C9 /* NSDictionary+TumblrKit.h */ = {isa = PBXFileReference; fileEncoding = 4; lastKnownFileType = sourcecode.c.h; path = "NSDictionary+TumblrKit.h"; sourceTree = "<group>"; };
		E1D81201167FE836005EE8C9 /* NSDictionary+TumblrKit.m */ = {isa = PBXFileReference; fileEncoding = 4; lastKnownFileType = sourcecode.c.objc; path = "NSDictionary+TumblrKit.m"; sourceTree = "<group>"; };
		E1D81204167FECAE005EE8C9 /* TKBlog.h */ = {isa = PBXFileReference; fileEncoding = 4; lastKnownFileType = sourcecode.c.h; path = TKBlog.h; sourceTree = "<group>"; };
		E1D81205167FECAE005EE8C9 /* TKBlog.m */ = {isa = PBXFileReference; fileEncoding = 4; lastKnownFileType = sourcecode.c.objc; path = TKBlog.m; sourceTree = "<group>"; };
		E1E387CB1681209D00019AD1 /* NSNumber+TumblrKit.h */ = {isa = PBXFileReference; fileEncoding = 4; lastKnownFileType = sourcecode.c.h; path = "NSNumber+TumblrKit.h"; sourceTree = "<group>"; };
		E1E387CC1681209D00019AD1 /* NSNumber+TumblrKit.m */ = {isa = PBXFileReference; fileEncoding = 4; lastKnownFileType = sourcecode.c.objc; path = "NSNumber+TumblrKit.m"; sourceTree = "<group>"; };
		E1E459EB169EF05800A50D57 /* TumblrQuotePostCollectionViewCell.h */ = {isa = PBXFileReference; fileEncoding = 4; lastKnownFileType = sourcecode.c.h; path = TumblrQuotePostCollectionViewCell.h; sourceTree = "<group>"; };
		E1E459EC169EF05800A50D57 /* TumblrQuotePostCollectionViewCell.m */ = {isa = PBXFileReference; fileEncoding = 4; lastKnownFileType = sourcecode.c.objc; path = TumblrQuotePostCollectionViewCell.m; sourceTree = "<group>"; };
		E1E459EF169EFE1F00A50D57 /* TumblrVideoPostCollectionViewCell.h */ = {isa = PBXFileReference; fileEncoding = 4; lastKnownFileType = sourcecode.c.h; path = TumblrVideoPostCollectionViewCell.h; sourceTree = "<group>"; };
		E1E459F0169EFE1F00A50D57 /* TumblrVideoPostCollectionViewCell.m */ = {isa = PBXFileReference; fileEncoding = 4; lastKnownFileType = sourcecode.c.objc; path = TumblrVideoPostCollectionViewCell.m; sourceTree = "<group>"; };
		E1EAE7041680D05A003B1F0B /* TumblrTableViewController.h */ = {isa = PBXFileReference; fileEncoding = 4; lastKnownFileType = sourcecode.c.h; path = TumblrTableViewController.h; sourceTree = "<group>"; };
		E1EAE7051680D05A003B1F0B /* TumblrTableViewController.m */ = {isa = PBXFileReference; fileEncoding = 4; lastKnownFileType = sourcecode.c.objc; path = TumblrTableViewController.m; sourceTree = "<group>"; };
		E1F42C7D16867D6F00FB4D95 /* TKPhotoSize.h */ = {isa = PBXFileReference; fileEncoding = 4; lastKnownFileType = sourcecode.c.h; path = TKPhotoSize.h; sourceTree = "<group>"; };
		E1F42C7E16867D6F00FB4D95 /* TKPhotoSize.m */ = {isa = PBXFileReference; fileEncoding = 4; lastKnownFileType = sourcecode.c.objc; path = TKPhotoSize.m; sourceTree = "<group>"; };
		E1F8280816826D8A00CAC642 /* TumblrTextField.h */ = {isa = PBXFileReference; fileEncoding = 4; lastKnownFileType = sourcecode.c.h; path = TumblrTextField.h; sourceTree = "<group>"; };
		E1F8280916826D8A00CAC642 /* TumblrTextField.m */ = {isa = PBXFileReference; fileEncoding = 4; lastKnownFileType = sourcecode.c.objc; path = TumblrTextField.m; sourceTree = "<group>"; };
		E1F8280D1682701D00CAC642 /* TumblrBlogsTableViewController.h */ = {isa = PBXFileReference; fileEncoding = 4; lastKnownFileType = sourcecode.c.h; path = TumblrBlogsTableViewController.h; sourceTree = "<group>"; };
		E1F8280E1682701D00CAC642 /* TumblrBlogsTableViewController.m */ = {isa = PBXFileReference; fileEncoding = 4; lastKnownFileType = sourcecode.c.objc; path = TumblrBlogsTableViewController.m; sourceTree = "<group>"; };
		E1F8281116827B7100CAC642 /* TumblrCreateChatPostViewController.h */ = {isa = PBXFileReference; fileEncoding = 4; lastKnownFileType = sourcecode.c.h; path = TumblrCreateChatPostViewController.h; sourceTree = "<group>"; };
		E1F8281216827B7100CAC642 /* TumblrCreateChatPostViewController.m */ = {isa = PBXFileReference; fileEncoding = 4; lastKnownFileType = sourcecode.c.objc; path = TumblrCreateChatPostViewController.m; sourceTree = "<group>"; };
		E1F8281416827E3900CAC642 /* TumblrLikesViewController.h */ = {isa = PBXFileReference; fileEncoding = 4; lastKnownFileType = sourcecode.c.h; path = TumblrLikesViewController.h; sourceTree = "<group>"; };
		E1F8281516827E3900CAC642 /* TumblrLikesViewController.m */ = {isa = PBXFileReference; fileEncoding = 4; lastKnownFileType = sourcecode.c.objc; path = TumblrLikesViewController.m; sourceTree = "<group>"; };
/* End PBXFileReference section */

/* Begin PBXFrameworksBuildPhase section */
		E1A0B47E167E75FC00E02ABB /* Frameworks */ = {
			isa = PBXFrameworksBuildPhase;
			buildActionMask = 2147483647;
			files = (
				E175171616ADEA5D0068E207 /* MobileCoreServices.framework in Frameworks */,
				E1A0B4C2167E7A0700E02ABB /* SystemConfiguration.framework in Frameworks */,
				E1A0B486167E75FC00E02ABB /* UIKit.framework in Frameworks */,
				E1A0B488167E75FC00E02ABB /* Foundation.framework in Frameworks */,
				E1A0B48A167E75FC00E02ABB /* CoreGraphics.framework in Frameworks */,
				E1A0B48C167E75FC00E02ABB /* CoreData.framework in Frameworks */,
				18EA040787D64055B029C6BF /* libPods.a in Frameworks */,
			);
			runOnlyForDeploymentPostprocessing = 0;
		};
/* End PBXFrameworksBuildPhase section */

/* Begin PBXGroup section */
		E10B98AB168240A000A2E9DE /* Cells */ = {
			isa = PBXGroup;
			children = (
				E10D03F21682550800F047D5 /* TumblrPostCollectionViewCell.h */,
				E10D03F31682550800F047D5 /* TumblrPostCollectionViewCell.m */,
				E10D03F51682578000F047D5 /* TumblrTextPostCollectionViewCell.h */,
				E10D03F61682578000F047D5 /* TumblrTextPostCollectionViewCell.m */,
				E1E459EB169EF05800A50D57 /* TumblrQuotePostCollectionViewCell.h */,
				E1E459EC169EF05800A50D57 /* TumblrQuotePostCollectionViewCell.m */,
				E1E459EF169EFE1F00A50D57 /* TumblrVideoPostCollectionViewCell.h */,
				E1E459F0169EFE1F00A50D57 /* TumblrVideoPostCollectionViewCell.m */,
				E129ED5616850ACB0075CDB7 /* TumblrPhotoPostCollectionViewCell.h */,
				E129ED5716850ACB0075CDB7 /* TumblrPhotoPostCollectionViewCell.m */,
				E16E32F31685F13300E3E06C /* TumblrPhotoSetPostCollectionViewCell.h */,
				E16E32F41685F13300E3E06C /* TumblrPhotoSetPostCollectionViewCell.m */,
				E1B7D921169E15BC0018D2B4 /* OLImageView+Tumblr.h */,
				E1B7D922169E15BC0018D2B4 /* OLImageView+Tumblr.m */,
			);
			name = Cells;
			sourceTree = "<group>";
		};
		E10D03FB168262C200F047D5 /* Create */ = {
			isa = PBXGroup;
			children = (
				E10D03F8168262AC00F047D5 /* TumblrCreatePostViewController.h */,
				E10D03F9168262AC00F047D5 /* TumblrCreatePostViewController.m */,
				E10D03FE1682663100F047D5 /* TumblrCreateTextPostViewController.h */,
				E10D03FF1682663100F047D5 /* TumblrCreateTextPostViewController.m */,
				E1F8281116827B7100CAC642 /* TumblrCreateChatPostViewController.h */,
				E1F8281216827B7100CAC642 /* TumblrCreateChatPostViewController.m */,
				E1F828101682702100CAC642 /* Popover */,
				E1F8280C16826D8D00CAC642 /* Fields */,
			);
			name = Create;
			sourceTree = "<group>";
		};
		E10D03FC168262C800F047D5 /* Posts */ = {
			isa = PBXGroup;
			children = (
				E10D03E9168247F000F047D5 /* TumblrPostsCollectionViewController.h */,
				E10D03EA168247F000F047D5 /* TumblrPostsCollectionViewController.m */,
				E18391611680DADF00C9BE37 /* TumblrBlogViewController.h */,
				E18391621680DADF00C9BE37 /* TumblrBlogViewController.m */,
				E176B6F216813A4E009D13F7 /* TumblrDashboardViewController.h */,
				E176B6F316813A4F009D13F7 /* TumblrDashboardViewController.m */,
				E1F8281416827E3900CAC642 /* TumblrLikesViewController.h */,
				E1F8281516827E3900CAC642 /* TumblrLikesViewController.m */,
				E10B98AB168240A000A2E9DE /* Cells */,
			);
			name = Posts;
			sourceTree = "<group>";
		};
		E10D03FD168262D500F047D5 /* View Controllers */ = {
			isa = PBXGroup;
			children = (
				E10D03FC168262C800F047D5 /* Posts */,
				E10D03FB168262C200F047D5 /* Create */,
			);
			name = "View Controllers";
			sourceTree = "<group>";
		};
		E193F1AB16823A4300A9D5A8 /* Models */ = {
			isa = PBXGroup;
			children = (
				E1D811E5167FD560005EE8C9 /* TKUser.h */,
				E1D811E6167FD560005EE8C9 /* TKUser.m */,
				E1D81204167FECAE005EE8C9 /* TKBlog.h */,
				E1D81205167FECAE005EE8C9 /* TKBlog.m */,
				E10F330016810B7B00631564 /* TKPost.h */,
				E10F330116810B7B00631564 /* TKPost.m */,
				E193F19E16823A1500A9D5A8 /* TKChat.h */,
				E193F19F16823A1500A9D5A8 /* TKChat.m */,
				E193F1A116823A2400A9D5A8 /* TKPhoto.h */,
				E193F1A216823A2400A9D5A8 /* TKPhoto.m */,
				E1F42C7D16867D6F00FB4D95 /* TKPhotoSize.h */,
				E1F42C7E16867D6F00FB4D95 /* TKPhotoSize.m */,
				E193F1A816823A3C00A9D5A8 /* TKPhotoSet.h */,
				E193F1A916823A3C00A9D5A8 /* TKPhotoSet.m */,
			);
			name = Models;
			sourceTree = "<group>";
		};
		E19D5DAB167FB94E00F5C73A /* gtm-oauth */ = {
			isa = PBXGroup;
			children = (
				E19D5DAD167FB95A00F5C73A /* GTMOAuthAuthentication.h */,
				E19D5DAE167FB95A00F5C73A /* GTMOAuthAuthentication.m */,
				E19D5DAF167FB95A00F5C73A /* GTMOAuthSignIn.h */,
				E19D5DB0167FB95A00F5C73A /* GTMOAuthSignIn.m */,
				E19D5DB3167FB96100F5C73A /* GTMOAuthViewControllerTouch.h */,
				E19D5DB4167FB96100F5C73A /* GTMOAuthViewControllerTouch.m */,
				E19D5DB5167FB96100F5C73A /* GTMOAuthViewTouch.xib */,
				E19D5DAC167FB95400F5C73A /* HTTPFetcher */,
			);
			name = "gtm-oauth";
			sourceTree = "<group>";
		};
		E19D5DAC167FB95400F5C73A /* HTTPFetcher */ = {
			isa = PBXGroup;
			children = (
				E19D5DB8167FB97100F5C73A /* GTMHTTPFetcher.h */,
				E19D5DB9167FB97100F5C73A /* GTMHTTPFetcher.m */,
			);
			name = HTTPFetcher;
			sourceTree = "<group>";
		};
		E1A0B476167E75FB00E02ABB = {
			isa = PBXGroup;
			children = (
				E1A0B48D167E75FC00E02ABB /* Tumblr */,
				E1F1C90B167E7BFA00F542A5 /* Vendor */,
				E1A0B484167E75FC00E02ABB /* Frameworks */,
				E1A0B482167E75FC00E02ABB /* Products */,
				BBFC71CFFC05400AAF4C1889 /* Pods.xcconfig */,
			);
			sourceTree = "<group>";
		};
		E1A0B482167E75FC00E02ABB /* Products */ = {
			isa = PBXGroup;
			children = (
				E1A0B481167E75FC00E02ABB /* Tumblr.app */,
			);
			name = Products;
			sourceTree = "<group>";
		};
		E1A0B484167E75FC00E02ABB /* Frameworks */ = {
			isa = PBXGroup;
			children = (
				E175171516ADEA5D0068E207 /* MobileCoreServices.framework */,
				E1A0B4C1167E7A0700E02ABB /* SystemConfiguration.framework */,
				E1A0B485167E75FC00E02ABB /* UIKit.framework */,
				E1A0B487167E75FC00E02ABB /* Foundation.framework */,
				E1A0B489167E75FC00E02ABB /* CoreGraphics.framework */,
				E1A0B48B167E75FC00E02ABB /* CoreData.framework */,
				D89E20EF2B6A442D8F57D3EE /* libPods.a */,
			);
			name = Frameworks;
			sourceTree = "<group>";
		};
		E1A0B48D167E75FC00E02ABB /* Tumblr */ = {
			isa = PBXGroup;
			children = (
				E1A0B496167E75FC00E02ABB /* AppDelegate.h */,
				E1A0B497167E75FC00E02ABB /* AppDelegate.m */,
				E1EAE7041680D05A003B1F0B /* TumblrTableViewController.h */,
				E1EAE7051680D05A003B1F0B /* TumblrTableViewController.m */,
				E10D03FD168262D500F047D5 /* View Controllers */,
				E1A0B4A7167E761D00E02ABB /* API */,
				E1A0B48E167E75FC00E02ABB /* Supporting Files */,
			);
			path = Tumblr;
			sourceTree = "<group>";
		};
		E1A0B48E167E75FC00E02ABB /* Supporting Files */ = {
			isa = PBXGroup;
			children = (
				E1A0B48F167E75FC00E02ABB /* Tumblr-Info.plist */,
				E1A0B490167E75FC00E02ABB /* InfoPlist.strings */,
				E1A0B493167E75FC00E02ABB /* main.m */,
				E1A0B495167E75FC00E02ABB /* Tumblr-Prefix.pch */,
				E1A0B499167E75FC00E02ABB /* Default.png */,
				E1A0B49B167E75FC00E02ABB /* Default@2x.png */,
				E1A0B49D167E75FC00E02ABB /* Default-568h@2x.png */,
			);
			name = "Supporting Files";
			sourceTree = "<group>";
		};
		E1A0B4A7167E761D00E02ABB /* API */ = {
			isa = PBXGroup;
			children = (
				E1D811E1167FD49F005EE8C9 /* TumblrKit.xcdatamodeld */,
				E19D5DE7167FC53100F5C73A /* TumblrKit.h */,
				E1A0B4B0167E775600E02ABB /* TKHTTPClient.h */,
				E1A0B4B1167E775600E02ABB /* TKHTTPClient.m */,
				E193F1AB16823A4300A9D5A8 /* Models */,
				E1D81203167FEBA2005EE8C9 /* Categories */,
			);
			path = API;
			sourceTree = "<group>";
		};
		E1D811E8167FD580005EE8C9 /* SSDataKit */ = {
			isa = PBXGroup;
			children = (
				E1D811EC167FD5C1005EE8C9 /* SSDataKit.h */,
				E176B6E8168128E6009D13F7 /* SSManagedTableViewController.h */,
				E176B6E9168128E6009D13F7 /* SSManagedTableViewController.m */,
				E10D03EF168252A600F047D5 /* SSManagedCollectionViewController.h */,
				E10D03F0168252A600F047D5 /* SSManagedCollectionViewController.m */,
				E176B6EA168128E6009D13F7 /* SSManagedViewController.h */,
				E176B6EB168128E6009D13F7 /* SSManagedViewController.m */,
				E1D811ED167FD5C7005EE8C9 /* SSManagedObject.h */,
				E1D811EE167FD5C7005EE8C9 /* SSManagedObject.m */,
				E1D811F5167FD843005EE8C9 /* SSRemoteManagedObject.h */,
				E1D811F6167FD843005EE8C9 /* SSRemoteManagedObject.m */,
				E1D811E9167FD5B5005EE8C9 /* NSManagedObjectContext+SSDataKitAdditions.h */,
				E1D811EA167FD5B5005EE8C9 /* NSManagedObjectContext+SSDataKitAdditions.m */,
			);
			name = SSDataKit;
			sourceTree = "<group>";
		};
		E1D81203167FEBA2005EE8C9 /* Categories */ = {
			isa = PBXGroup;
			children = (
				E1E387CB1681209D00019AD1 /* NSNumber+TumblrKit.h */,
				E1E387CC1681209D00019AD1 /* NSNumber+TumblrKit.m */,
				E1D81200167FE836005EE8C9 /* NSDictionary+TumblrKit.h */,
				E1D81201167FE836005EE8C9 /* NSDictionary+TumblrKit.m */,
			);
			name = Categories;
			sourceTree = "<group>";
		};
		E1F1C90B167E7BFA00F542A5 /* Vendor */ = {
			isa = PBXGroup;
			children = (
				E1D811E8167FD580005EE8C9 /* SSDataKit */,
				E19D5DAB167FB94E00F5C73A /* gtm-oauth */,
			);
			name = Vendor;
			path = Tumblr/API;
			sourceTree = "<group>";
		};
		E1F8280C16826D8D00CAC642 /* Fields */ = {
			isa = PBXGroup;
			children = (
				E1F8280816826D8A00CAC642 /* TumblrTextField.h */,
				E1F8280916826D8A00CAC642 /* TumblrTextField.m */,
			);
			name = Fields;
			sourceTree = "<group>";
		};
		E1F828101682702100CAC642 /* Popover */ = {
			isa = PBXGroup;
			children = (
				E1F8280D1682701D00CAC642 /* TumblrBlogsTableViewController.h */,
				E1F8280E1682701D00CAC642 /* TumblrBlogsTableViewController.m */,
			);
			name = Popover;
			sourceTree = "<group>";
		};
/* End PBXGroup section */

/* Begin PBXNativeTarget section */
		E1A0B480167E75FC00E02ABB /* Tumblr */ = {
			isa = PBXNativeTarget;
			buildConfigurationList = E1A0B4A4167E75FC00E02ABB /* Build configuration list for PBXNativeTarget "Tumblr" */;
			buildPhases = (
				E1A0B47D167E75FC00E02ABB /* Sources */,
				E1A0B47E167E75FC00E02ABB /* Frameworks */,
				E1A0B47F167E75FC00E02ABB /* Resources */,
				5CF2D04C964C4A349799542A /* Copy Pods Resources */,
			);
			buildRules = (
			);
			dependencies = (
			);
			name = Tumblr;
			productName = Tumblr;
			productReference = E1A0B481167E75FC00E02ABB /* Tumblr.app */;
			productType = "com.apple.product-type.application";
		};
/* End PBXNativeTarget section */

/* Begin PBXProject section */
		E1A0B478167E75FB00E02ABB /* Project object */ = {
			isa = PBXProject;
			attributes = {
				LastUpgradeCheck = 0450;
				ORGANIZATIONNAME = "Robert Dougan";
			};
			buildConfigurationList = E1A0B47B167E75FB00E02ABB /* Build configuration list for PBXProject "Tumblr" */;
			compatibilityVersion = "Xcode 3.2";
			developmentRegion = English;
			hasScannedForEncodings = 0;
			knownRegions = (
				en,
			);
			mainGroup = E1A0B476167E75FB00E02ABB;
			productRefGroup = E1A0B482167E75FC00E02ABB /* Products */;
			projectDirPath = "";
			projectRoot = "";
			targets = (
				E1A0B480167E75FC00E02ABB /* Tumblr */,
			);
		};
/* End PBXProject section */

/* Begin PBXResourcesBuildPhase section */
		E1A0B47F167E75FC00E02ABB /* Resources */ = {
			isa = PBXResourcesBuildPhase;
			buildActionMask = 2147483647;
			files = (
				E1A0B492167E75FC00E02ABB /* InfoPlist.strings in Resources */,
				E1A0B49A167E75FC00E02ABB /* Default.png in Resources */,
				E1A0B49C167E75FC00E02ABB /* Default@2x.png in Resources */,
				E1A0B49E167E75FC00E02ABB /* Default-568h@2x.png in Resources */,
				E19D5DB7167FB96100F5C73A /* GTMOAuthViewTouch.xib in Resources */,
			);
			runOnlyForDeploymentPostprocessing = 0;
		};
/* End PBXResourcesBuildPhase section */

/* Begin PBXShellScriptBuildPhase section */
		5CF2D04C964C4A349799542A /* Copy Pods Resources */ = {
			isa = PBXShellScriptBuildPhase;
			buildActionMask = 2147483647;
			files = (
			);
			inputPaths = (
			);
			name = "Copy Pods Resources";
			outputPaths = (
			);
			runOnlyForDeploymentPostprocessing = 0;
			shellPath = /bin/sh;
			shellScript = "\"${SRCROOT}/Pods/Pods-resources.sh\"\n";
		};
/* End PBXShellScriptBuildPhase section */

/* Begin PBXSourcesBuildPhase section */
		E1A0B47D167E75FC00E02ABB /* Sources */ = {
			isa = PBXSourcesBuildPhase;
			buildActionMask = 2147483647;
			files = (
				E1D811F4167FD7F2005EE8C9 /* NSManagedObjectContext+SSDataKitAdditions.m in Sources */,
				E1D811F2167FD7E3005EE8C9 /* SSManagedObject.m in Sources */,
				E1D811F1167FD7DE005EE8C9 /* TKUser.m in Sources */,
				E1D811F0167FD7DA005EE8C9 /* TumblrKit.xcdatamodeld in Sources */,
				E1A0B494167E75FC00E02ABB /* main.m in Sources */,
				E1A0B498167E75FC00E02ABB /* AppDelegate.m in Sources */,
				E1A0B4B2167E775600E02ABB /* TKHTTPClient.m in Sources */,
				E19D5DB1167FB95A00F5C73A /* GTMOAuthAuthentication.m in Sources */,
				E19D5DB2167FB95A00F5C73A /* GTMOAuthSignIn.m in Sources */,
				E19D5DB6167FB96100F5C73A /* GTMOAuthViewControllerTouch.m in Sources */,
				E19D5DBA167FB97100F5C73A /* GTMHTTPFetcher.m in Sources */,
				E1D811F7167FD843005EE8C9 /* SSRemoteManagedObject.m in Sources */,
				E1D81202167FE836005EE8C9 /* NSDictionary+TumblrKit.m in Sources */,
				E1D81206167FECAE005EE8C9 /* TKBlog.m in Sources */,
				E1EAE7061680D05A003B1F0B /* TumblrTableViewController.m in Sources */,
				E18391631680DADF00C9BE37 /* TumblrBlogViewController.m in Sources */,
				E10F330216810B7B00631564 /* TKPost.m in Sources */,
				E1E387CD1681209D00019AD1 /* NSNumber+TumblrKit.m in Sources */,
				E176B6EC168128E6009D13F7 /* SSManagedTableViewController.m in Sources */,
				E176B6ED168128E6009D13F7 /* SSManagedViewController.m in Sources */,
				E176B6F416813A4F009D13F7 /* TumblrDashboardViewController.m in Sources */,
				E193F1A016823A1500A9D5A8 /* TKChat.m in Sources */,
				E193F1A316823A2400A9D5A8 /* TKPhoto.m in Sources */,
				E193F1AA16823A3C00A9D5A8 /* TKPhotoSet.m in Sources */,
				E10D03EB168247F000F047D5 /* TumblrPostsCollectionViewController.m in Sources */,
				E10D03F1168252A600F047D5 /* SSManagedCollectionViewController.m in Sources */,
				E10D03F41682550800F047D5 /* TumblrPostCollectionViewCell.m in Sources */,
				E10D03F71682578000F047D5 /* TumblrTextPostCollectionViewCell.m in Sources */,
				E10D03FA168262AC00F047D5 /* TumblrCreatePostViewController.m in Sources */,
				E10D04001682663100F047D5 /* TumblrCreateTextPostViewController.m in Sources */,
				E1F8280A16826D8A00CAC642 /* TumblrTextField.m in Sources */,
				E1F8280F1682701D00CAC642 /* TumblrBlogsTableViewController.m in Sources */,
				E1F8281316827B7200CAC642 /* TumblrCreateChatPostViewController.m in Sources */,
				E1F8281616827E3900CAC642 /* TumblrLikesViewController.m in Sources */,
				E129ED5816850ACB0075CDB7 /* TumblrPhotoPostCollectionViewCell.m in Sources */,
				E16E32F51685F13300E3E06C /* TumblrPhotoSetPostCollectionViewCell.m in Sources */,
				E1F42C7F16867D6F00FB4D95 /* TKPhotoSize.m in Sources */,
				E1B7D923169E15BC0018D2B4 /* OLImageView+Tumblr.m in Sources */,
				E1E459ED169EF05800A50D57 /* TumblrQuotePostCollectionViewCell.m in Sources */,
				E1E459F1169EFE1F00A50D57 /* TumblrVideoPostCollectionViewCell.m in Sources */,
			);
			runOnlyForDeploymentPostprocessing = 0;
		};
/* End PBXSourcesBuildPhase section */

/* Begin PBXVariantGroup section */
		E1A0B490167E75FC00E02ABB /* InfoPlist.strings */ = {
			isa = PBXVariantGroup;
			children = (
				E1A0B491167E75FC00E02ABB /* en */,
			);
			name = InfoPlist.strings;
			sourceTree = "<group>";
		};
/* End PBXVariantGroup section */

/* Begin XCBuildConfiguration section */
		E1A0B4A2167E75FC00E02ABB /* Debug */ = {
			isa = XCBuildConfiguration;
			buildSettings = {
				ALWAYS_SEARCH_USER_PATHS = NO;
				CLANG_CXX_LANGUAGE_STANDARD = "gnu++0x";
				CLANG_CXX_LIBRARY = "libc++";
				CLANG_ENABLE_OBJC_ARC = YES;
				CLANG_WARN_EMPTY_BODY = YES;
				CLANG_WARN__DUPLICATE_METHOD_MATCH = YES;
				"CODE_SIGN_IDENTITY[sdk=iphoneos*]" = "iPhone Developer";
				COPY_PHASE_STRIP = NO;
				GCC_C_LANGUAGE_STANDARD = gnu99;
				GCC_DYNAMIC_NO_PIC = NO;
				GCC_OPTIMIZATION_LEVEL = 0;
				GCC_PREPROCESSOR_DEFINITIONS = (
					"DEBUG=1",
					"$(inherited)",
				);
				GCC_SYMBOLS_PRIVATE_EXTERN = NO;
				GCC_WARN_ABOUT_RETURN_TYPE = YES;
				GCC_WARN_UNINITIALIZED_AUTOS = YES;
				GCC_WARN_UNUSED_VARIABLE = YES;
				IPHONEOS_DEPLOYMENT_TARGET = 6.0;
				ONLY_ACTIVE_ARCH = YES;
				SDKROOT = iphoneos;
				TARGETED_DEVICE_FAMILY = 2;
			};
			name = Debug;
		};
		E1A0B4A3167E75FC00E02ABB /* Release */ = {
			isa = XCBuildConfiguration;
			buildSettings = {
				ALWAYS_SEARCH_USER_PATHS = NO;
				CLANG_CXX_LANGUAGE_STANDARD = "gnu++0x";
				CLANG_CXX_LIBRARY = "libc++";
				CLANG_ENABLE_OBJC_ARC = YES;
				CLANG_WARN_EMPTY_BODY = YES;
				CLANG_WARN__DUPLICATE_METHOD_MATCH = YES;
				"CODE_SIGN_IDENTITY[sdk=iphoneos*]" = "iPhone Developer";
				COPY_PHASE_STRIP = YES;
				GCC_C_LANGUAGE_STANDARD = gnu99;
				GCC_WARN_ABOUT_RETURN_TYPE = YES;
				GCC_WARN_UNINITIALIZED_AUTOS = YES;
				GCC_WARN_UNUSED_VARIABLE = YES;
				IPHONEOS_DEPLOYMENT_TARGET = 6.0;
				OTHER_CFLAGS = "-DNS_BLOCK_ASSERTIONS=1";
				SDKROOT = iphoneos;
				TARGETED_DEVICE_FAMILY = 2;
				VALIDATE_PRODUCT = YES;
			};
			name = Release;
		};
		E1A0B4A5167E75FC00E02ABB /* Debug */ = {
			isa = XCBuildConfiguration;
			baseConfigurationReference = BBFC71CFFC05400AAF4C1889 /* Pods.xcconfig */;
			buildSettings = {
				GCC_PRECOMPILE_PREFIX_HEADER = YES;
				GCC_PREFIX_HEADER = "Tumblr/Tumblr-Prefix.pch";
				INFOPLIST_FILE = "Tumblr/Tumblr-Info.plist";
				PRODUCT_NAME = "$(TARGET_NAME)";
				WRAPPER_EXTENSION = app;
			};
			name = Debug;
		};
		E1A0B4A6167E75FC00E02ABB /* Release */ = {
			isa = XCBuildConfiguration;
			baseConfigurationReference = BBFC71CFFC05400AAF4C1889 /* Pods.xcconfig */;
			buildSettings = {
				GCC_PRECOMPILE_PREFIX_HEADER = YES;
				GCC_PREFIX_HEADER = "Tumblr/Tumblr-Prefix.pch";
				INFOPLIST_FILE = "Tumblr/Tumblr-Info.plist";
				PRODUCT_NAME = "$(TARGET_NAME)";
				WRAPPER_EXTENSION = app;
			};
			name = Release;
		};
/* End XCBuildConfiguration section */

/* Begin XCConfigurationList section */
		E1A0B47B167E75FB00E02ABB /* Build configuration list for PBXProject "Tumblr" */ = {
			isa = XCConfigurationList;
			buildConfigurations = (
				E1A0B4A2167E75FC00E02ABB /* Debug */,
				E1A0B4A3167E75FC00E02ABB /* Release */,
			);
			defaultConfigurationIsVisible = 0;
			defaultConfigurationName = Release;
		};
		E1A0B4A4167E75FC00E02ABB /* Build configuration list for PBXNativeTarget "Tumblr" */ = {
			isa = XCConfigurationList;
			buildConfigurations = (
				E1A0B4A5167E75FC00E02ABB /* Debug */,
				E1A0B4A6167E75FC00E02ABB /* Release */,
			);
			defaultConfigurationIsVisible = 0;
			defaultConfigurationName = Release;
		};
/* End XCConfigurationList section */

/* Begin XCVersionGroup section */
		E1D811E1167FD49F005EE8C9 /* TumblrKit.xcdatamodeld */ = {
			isa = XCVersionGroup;
			children = (
				E1D811E2167FD49F005EE8C9 /* TumblrKit.xcdatamodel */,
			);
			currentVersion = E1D811E2167FD49F005EE8C9 /* TumblrKit.xcdatamodel */;
			path = TumblrKit.xcdatamodeld;
			sourceTree = "<group>";
			versionGroupType = wrapper.xcdatamodel;
		};
/* End XCVersionGroup section */
	};
	rootObject = E1A0B478167E75FB00E02ABB /* Project object */;
}
